#Copied from https://github.com/helm/charts/blob/6c85be7b88748171afd17affe8b1b57c66bf66a2/incubator/kafka/requirements.lock

dependencies:
- name: zookeeper
  repository: https://kubernetes-charts-incubator.storage.googleapis.com/
  version: 2.1.0
digest: sha256:8d29a227892722e5d29538a01e47c0c531a7b0264e47a0cfdf1d5385f427938d
generated: "2020-04-08T09:12:21.827243+01:00"
